// !$*UTF8*$!
{
	archiveVersion = 1;
	classes = {
	};
	objectVersion = 46;
	objects = {

/* Begin PBXBuildFile section */
		0841A4FF1AC98A6D00B0A198 /* top sankaku-01.png in Resources */ = {isa = PBXBuildFile; fileRef = 0841A4FE1AC98A6D00B0A198 /* top sankaku-01.png */; };
		0841A5011ACADCDF00B0A198 /* maru1.png in Resources */ = {isa = PBXBuildFile; fileRef = 0841A5001ACADCDF00B0A198 /* maru1.png */; };
		0841A5311ACEE02500B0A198 /* START-button.png in Resources */ = {isa = PBXBuildFile; fileRef = 0841A5301ACEE02500B0A198 /* START-button.png */; };
		08D139D81AC3A2520066AE23 /* main.m in Sources */ = {isa = PBXBuildFile; fileRef = 08D139D71AC3A2520066AE23 /* main.m */; };
		08D139DB1AC3A2520066AE23 /* AppDelegate.m in Sources */ = {isa = PBXBuildFile; fileRef = 08D139DA1AC3A2520066AE23 /* AppDelegate.m */; };
		08D139DE1AC3A2520066AE23 /* ViewController.m in Sources */ = {isa = PBXBuildFile; fileRef = 08D139DD1AC3A2520066AE23 /* ViewController.m */; };
		08D139E11AC3A2520066AE23 /* Main.storyboard in Resources */ = {isa = PBXBuildFile; fileRef = 08D139DF1AC3A2520066AE23 /* Main.storyboard */; };
		08D139E31AC3A2520066AE23 /* Images.xcassets in Resources */ = {isa = PBXBuildFile; fileRef = 08D139E21AC3A2520066AE23 /* Images.xcassets */; };
		08D139E61AC3A2520066AE23 /* LaunchScreen.xib in Resources */ = {isa = PBXBuildFile; fileRef = 08D139E41AC3A2520066AE23 /* LaunchScreen.xib */; };
		08D139F21AC3A2520066AE23 /* sankakkusikakuTests.m in Sources */ = {isa = PBXBuildFile; fileRef = 08D139F11AC3A2520066AE23 /* sankakkusikakuTests.m */; };
		08D139FC1AC3A26A0066AE23 /* MediaPlayer.framework in Frameworks */ = {isa = PBXBuildFile; fileRef = 08D139FB1AC3A26A0066AE23 /* MediaPlayer.framework */; };
		08D13A3A1AC4E2E30066AE23 /* sankaku.m4v in Resources */ = {isa = PBXBuildFile; fileRef = 08D13A391AC4E2E30066AE23 /* sankaku.m4v */; };
		08D13A3C1AC4E38D0066AE23 /* sankaku1.png in Resources */ = {isa = PBXBuildFile; fileRef = 08D13A3B1AC4E38D0066AE23 /* sankaku1.png */; };
/* End PBXBuildFile section */

/* Begin PBXContainerItemProxy section */
		08D139EC1AC3A2520066AE23 /* PBXContainerItemProxy */ = {
			isa = PBXContainerItemProxy;
			containerPortal = 08D139CA1AC3A2520066AE23 /* Project object */;
			proxyType = 1;
			remoteGlobalIDString = 08D139D11AC3A2520066AE23;
			remoteInfo = sankakkusikaku;
		};
/* End PBXContainerItemProxy section */

/* Begin PBXFileReference section */
		0841A4FE1AC98A6D00B0A198 /* top sankaku-01.png */ = {isa = PBXFileReference; lastKnownFileType = image.png; path = "top sankaku-01.png"; sourceTree = "<group>"; };
		0841A5001ACADCDF00B0A198 /* maru1.png */ = {isa = PBXFileReference; lastKnownFileType = image.png; path = maru1.png; sourceTree = "<group>"; };
		0841A5301ACEE02500B0A198 /* START-button.png */ = {isa = PBXFileReference; lastKnownFileType = image.png; path = "START-button.png"; sourceTree = "<group>"; };
		08D139D21AC3A2520066AE23 /* sankakkusikaku.app */ = {isa = PBXFileReference; explicitFileType = wrapper.application; includeInIndex = 0; path = sankakkusikaku.app; sourceTree = BUILT_PRODUCTS_DIR; };
		08D139D61AC3A2520066AE23 /* Info.plist */ = {isa = PBXFileReference; lastKnownFileType = text.plist.xml; path = Info.plist; sourceTree = "<group>"; };
		08D139D71AC3A2520066AE23 /* main.m */ = {isa = PBXFileReference; lastKnownFileType = sourcecode.c.objc; path = main.m; sourceTree = "<group>"; };
		08D139D91AC3A2520066AE23 /* AppDelegate.h */ = {isa = PBXFileReference; lastKnownFileType = sourcecode.c.h; path = AppDelegate.h; sourceTree = "<group>"; };
		08D139DA1AC3A2520066AE23 /* AppDelegate.m */ = {isa = PBXFileReference; lastKnownFileType = sourcecode.c.objc; path = AppDelegate.m; sourceTree = "<group>"; };
		08D139DC1AC3A2520066AE23 /* ViewController.h */ = {isa = PBXFileReference; lastKnownFileType = sourcecode.c.h; path = ViewController.h; sourceTree = "<group>"; };
		08D139DD1AC3A2520066AE23 /* ViewController.m */ = {isa = PBXFileReference; lastKnownFileType = sourcecode.c.objc; path = ViewController.m; sourceTree = "<group>"; };
		08D139E01AC3A2520066AE23 /* Base */ = {isa = PBXFileReference; lastKnownFileType = file.storyboard; name = Base; path = Base.lproj/Main.storyboard; sourceTree = "<group>"; };
		08D139E21AC3A2520066AE23 /* Images.xcassets */ = {isa = PBXFileReference; lastKnownFileType = folder.assetcatalog; path = Images.xcassets; sourceTree = "<group>"; };
		08D139E51AC3A2520066AE23 /* Base */ = {isa = PBXFileReference; lastKnownFileType = file.xib; name = Base; path = Base.lproj/LaunchScreen.xib; sourceTree = "<group>"; };
		08D139EB1AC3A2520066AE23 /* sankakkusikakuTests.xctest */ = {isa = PBXFileReference; explicitFileType = wrapper.cfbundle; includeInIndex = 0; path = sankakkusikakuTests.xctest; sourceTree = BUILT_PRODUCTS_DIR; };
		08D139F01AC3A2520066AE23 /* Info.plist */ = {isa = PBXFileReference; lastKnownFileType = text.plist.xml; path = Info.plist; sourceTree = "<group>"; };
		08D139F11AC3A2520066AE23 /* sankakkusikakuTests.m */ = {isa = PBXFileReference; lastKnownFileType = sourcecode.c.objc; path = sankakkusikakuTests.m; sourceTree = "<group>"; };
		08D139FB1AC3A26A0066AE23 /* MediaPlayer.framework */ = {isa = PBXFileReference; lastKnownFileType = wrapper.framework; name = MediaPlayer.framework; path = System/Library/Frameworks/MediaPlayer.framework; sourceTree = SDKROOT; };
		08D13A391AC4E2E30066AE23 /* sankaku.m4v */ = {isa = PBXFileReference; lastKnownFileType = file; path = sankaku.m4v; sourceTree = "<group>"; };
		08D13A3B1AC4E38D0066AE23 /* sankaku1.png */ = {isa = PBXFileReference; lastKnownFileType = image.png; path = sankaku1.png; sourceTree = "<group>"; };
/* End PBXFileReference section */

/* Begin PBXFrameworksBuildPhase section */
		08D139CF1AC3A2520066AE23 /* Frameworks */ = {
			isa = PBXFrameworksBuildPhase;
			buildActionMask = 2147483647;
			files = (
				08D139FC1AC3A26A0066AE23 /* MediaPlayer.framework in Frameworks */,
			);
			runOnlyForDeploymentPostprocessing = 0;
		};
		08D139E81AC3A2520066AE23 /* Frameworks */ = {
			isa = PBXFrameworksBuildPhase;
			buildActionMask = 2147483647;
			files = (
			);
			runOnlyForDeploymentPostprocessing = 0;
		};
/* End PBXFrameworksBuildPhase section */

/* Begin PBXGroup section */
		08D139C91AC3A2520066AE23 = {
			isa = PBXGroup;
			children = (
				0841A5301ACEE02500B0A198 /* START-button.png */,
				0841A5001ACADCDF00B0A198 /* maru1.png */,
				0841A4FE1AC98A6D00B0A198 /* top sankaku-01.png */,
				08D13A3B1AC4E38D0066AE23 /* sankaku1.png */,
				08D139FB1AC3A26A0066AE23 /* MediaPlayer.framework */,
				08D139D41AC3A2520066AE23 /* sankakkusikaku */,
				08D139EE1AC3A2520066AE23 /* sankakkusikakuTests */,
				08D139D31AC3A2520066AE23 /* Products */,
			);
			sourceTree = "<group>";
		};
		08D139D31AC3A2520066AE23 /* Products */ = {
			isa = PBXGroup;
			children = (
				08D139D21AC3A2520066AE23 /* sankakkusikaku.app */,
				08D139EB1AC3A2520066AE23 /* sankakkusikakuTests.xctest */,
			);
			name = Products;
			sourceTree = "<group>";
		};
		08D139D41AC3A2520066AE23 /* sankakkusikaku */ = {
			isa = PBXGroup;
			children = (
				08D13A391AC4E2E30066AE23 /* sankaku.m4v */,
				08D139D91AC3A2520066AE23 /* AppDelegate.h */,
				08D139DA1AC3A2520066AE23 /* AppDelegate.m */,
				08D139DC1AC3A2520066AE23 /* ViewController.h */,
				08D139DD1AC3A2520066AE23 /* ViewController.m */,
				08D139DF1AC3A2520066AE23 /* Main.storyboard */,
				08D139E21AC3A2520066AE23 /* Images.xcassets */,
				08D139E41AC3A2520066AE23 /* LaunchScreen.xib */,
				08D139D51AC3A2520066AE23 /* Supporting Files */,
			);
			path = sankakkusikaku;
			sourceTree = "<group>";
		};
		08D139D51AC3A2520066AE23 /* Supporting Files */ = {
			isa = PBXGroup;
			children = (
				08D139D61AC3A2520066AE23 /* Info.plist */,
				08D139D71AC3A2520066AE23 /* main.m */,
			);
			name = "Supporting Files";
			sourceTree = "<group>";
		};
		08D139EE1AC3A2520066AE23 /* sankakkusikakuTests */ = {
			isa = PBXGroup;
			children = (
				08D139F11AC3A2520066AE23 /* sankakkusikakuTests.m */,
				08D139EF1AC3A2520066AE23 /* Supporting Files */,
			);
			path = sankakkusikakuTests;
			sourceTree = "<group>";
		};
		08D139EF1AC3A2520066AE23 /* Supporting Files */ = {
			isa = PBXGroup;
			children = (
				08D139F01AC3A2520066AE23 /* Info.plist */,
			);
			name = "Supporting Files";
			sourceTree = "<group>";
		};
/* End PBXGroup section */

/* Begin PBXNativeTarget section */
		08D139D11AC3A2520066AE23 /* sankakkusikaku */ = {
			isa = PBXNativeTarget;
			buildConfigurationList = 08D139F51AC3A2520066AE23 /* Build configuration list for PBXNativeTarget "sankakkusikaku" */;
			buildPhases = (
				08D139CE1AC3A2520066AE23 /* Sources */,
				08D139CF1AC3A2520066AE23 /* Frameworks */,
				08D139D01AC3A2520066AE23 /* Resources */,
			);
			buildRules = (
			);
			dependencies = (
			);
			name = sankakkusikaku;
			productName = sankakkusikaku;
			productReference = 08D139D21AC3A2520066AE23 /* sankakkusikaku.app */;
			productType = "com.apple.product-type.application";
		};
		08D139EA1AC3A2520066AE23 /* sankakkusikakuTests */ = {
			isa = PBXNativeTarget;
			buildConfigurationList = 08D139F81AC3A2520066AE23 /* Build configuration list for PBXNativeTarget "sankakkusikakuTests" */;
			buildPhases = (
				08D139E71AC3A2520066AE23 /* Sources */,
				08D139E81AC3A2520066AE23 /* Frameworks */,
				08D139E91AC3A2520066AE23 /* Resources */,
			);
			buildRules = (
			);
			dependencies = (
				08D139ED1AC3A2520066AE23 /* PBXTargetDependency */,
			);
			name = sankakkusikakuTests;
			productName = sankakkusikakuTests;
			productReference = 08D139EB1AC3A2520066AE23 /* sankakkusikakuTests.xctest */;
			productType = "com.apple.product-type.bundle.unit-test";
		};
/* End PBXNativeTarget section */

/* Begin PBXProject section */
		08D139CA1AC3A2520066AE23 /* Project object */ = {
			isa = PBXProject;
			attributes = {
				LastUpgradeCheck = 0610;
				ORGANIZATIONNAME = "Life is tech";
				TargetAttributes = {
					08D139D11AC3A2520066AE23 = {
						CreatedOnToolsVersion = 6.1.1;
					};
					08D139EA1AC3A2520066AE23 = {
						CreatedOnToolsVersion = 6.1.1;
						TestTargetID = 08D139D11AC3A2520066AE23;
					};
				};
			};
			buildConfigurationList = 08D139CD1AC3A2520066AE23 /* Build configuration list for PBXProject "sankakkusikaku" */;
			compatibilityVersion = "Xcode 3.2";
			developmentRegion = English;
			hasScannedForEncodings = 0;
			knownRegions = (
				en,
				Base,
			);
			mainGroup = 08D139C91AC3A2520066AE23;
			productRefGroup = 08D139D31AC3A2520066AE23 /* Products */;
			projectDirPath = "";
			projectRoot = "";
			targets = (
				08D139D11AC3A2520066AE23 /* sankakkusikaku */,
				08D139EA1AC3A2520066AE23 /* sankakkusikakuTests */,
			);
		};
/* End PBXProject section */

/* Begin PBXResourcesBuildPhase section */
		08D139D01AC3A2520066AE23 /* Resources */ = {
			isa = PBXResourcesBuildPhase;
			buildActionMask = 2147483647;
			files = (
				08D139E11AC3A2520066AE23 /* Main.storyboard in Resources */,
				08D139E61AC3A2520066AE23 /* LaunchScreen.xib in Resources */,
				0841A5311ACEE02500B0A198 /* START-button.png in Resources */,
				0841A4FF1AC98A6D00B0A198 /* top sankaku-01.png in Resources */,
				0841A5011ACADCDF00B0A198 /* maru1.png in Resources */,
				08D13A3C1AC4E38D0066AE23 /* sankaku1.png in Resources */,
				08D13A3A1AC4E2E30066AE23 /* sankaku.m4v in Resources */,
				08D139E31AC3A2520066AE23 /* Images.xcassets in Resources */,
			);
			runOnlyForDeploymentPostprocessing = 0;
		};
		08D139E91AC3A2520066AE23 /* Resources */ = {
			isa = PBXResourcesBuildPhase;
			buildActionMask = 2147483647;
			files = (
			);
			runOnlyForDeploymentPostprocessing = 0;
		};
/* End PBXResourcesBuildPhase section */

/* Begin PBXSourcesBuildPhase section */
		08D139CE1AC3A2520066AE23 /* Sources */ = {
			isa = PBXSourcesBuildPhase;
			buildActionMask = 2147483647;
			files = (
				08D139DE1AC3A2520066AE23 /* ViewController.m in Sources */,
				08D139DB1AC3A2520066AE23 /* AppDelegate.m in Sources */,
				08D139D81AC3A2520066AE23 /* main.m in Sources */,
			);
			runOnlyForDeploymentPostprocessing = 0;
		};
		08D139E71AC3A2520066AE23 /* Sources */ = {
			isa = PBXSourcesBuildPhase;
			buildActionMask = 2147483647;
			files = (
				08D139F21AC3A2520066AE23 /* sankakkusikakuTests.m in Sources */,
			);
			runOnlyForDeploymentPostprocessing = 0;
		};
/* End PBXSourcesBuildPhase section */

/* Begin PBXTargetDependency section */
		08D139ED1AC3A2520066AE23 /* PBXTargetDependency */ = {
			isa = PBXTargetDependency;
			target = 08D139D11AC3A2520066AE23 /* sankakkusikaku */;
			targetProxy = 08D139EC1AC3A2520066AE23 /* PBXContainerItemProxy */;
		};
/* End PBXTargetDependency section */

/* Begin PBXVariantGroup section */
		08D139DF1AC3A2520066AE23 /* Main.storyboard */ = {
			isa = PBXVariantGroup;
			children = (
				08D139E01AC3A2520066AE23 /* Base */,
			);
			name = Main.storyboard;
			sourceTree = "<group>";
		};
		08D139E41AC3A2520066AE23 /* LaunchScreen.xib */ = {
			isa = PBXVariantGroup;
			children = (
				08D139E51AC3A2520066AE23 /* Base */,
			);
			name = LaunchScreen.xib;
			sourceTree = "<group>";
		};
/* End PBXVariantGroup section */

/* Begin XCBuildConfiguration section */
		08D139F31AC3A2520066AE23 /* Debug */ = {
			isa = XCBuildConfiguration;
			buildSettings = {
				ALWAYS_SEARCH_USER_PATHS = NO;
				CLANG_CXX_LANGUAGE_STANDARD = "gnu++0x";
				CLANG_CXX_LIBRARY = "libc++";
				CLANG_ENABLE_MODULES = YES;
				CLANG_ENABLE_OBJC_ARC = YES;
				CLANG_WARN_BOOL_CONVERSION = YES;
				CLANG_WARN_CONSTANT_CONVERSION = YES;
				CLANG_WARN_DIRECT_OBJC_ISA_USAGE = YES_ERROR;
				CLANG_WARN_EMPTY_BODY = YES;
				CLANG_WARN_ENUM_CONVERSION = YES;
				CLANG_WARN_INT_CONVERSION = YES;
				CLANG_WARN_OBJC_ROOT_CLASS = YES_ERROR;
				CLANG_WARN_UNREACHABLE_CODE = YES;
				CLANG_WARN__DUPLICATE_METHOD_MATCH = YES;
				"CODE_SIGN_IDENTITY[sdk=iphoneos*]" = "iPhone Developer";
				COPY_PHASE_STRIP = NO;
				ENABLE_STRICT_OBJC_MSGSEND = YES;
				GCC_C_LANGUAGE_STANDARD = gnu99;
				GCC_DYNAMIC_NO_PIC = NO;
				GCC_OPTIMIZATION_LEVEL = 0;
				GCC_PREPROCESSOR_DEFINITIONS = (
					"DEBUG=1",
					"$(inherited)",
				);
				GCC_SYMBOLS_PRIVATE_EXTERN = NO;
				GCC_WARN_64_TO_32_BIT_CONVERSION = YES;
				GCC_WARN_ABOUT_RETURN_TYPE = YES_ERROR;
				GCC_WARN_UNDECLARED_SELECTOR = YES;
				GCC_WARN_UNINITIALIZED_AUTOS = YES_AGGRESSIVE;
				GCC_WARN_UNUSED_FUNCTION = YES;
				GCC_WARN_UNUSED_VARIABLE = YES;
				IPHONEOS_DEPLOYMENT_TARGET = 8.1;
				MTL_ENABLE_DEBUG_INFO = YES;
				ONLY_ACTIVE_ARCH = YES;
				SDKROOT = iphoneos;
			};
			name = Debug;
		};
		08D139F41AC3A2520066AE23 /* Release */ = {
			isa = XCBuildConfiguration;
			buildSettings = {
				ALWAYS_SEARCH_USER_PATHS = NO;
				CLANG_CXX_LANGUAGE_STANDARD = "gnu++0x";
				CLANG_CXX_LIBRARY = "libc++";
				CLANG_ENABLE_MODULES = YES;
				CLANG_ENABLE_OBJC_ARC = YES;
				CLANG_WARN_BOOL_CONVERSION = YES;
				CLANG_WARN_CONSTANT_CONVERSION = YES;
				CLANG_WARN_DIRECT_OBJC_ISA_USAGE = YES_ERROR;
				CLANG_WARN_EMPTY_BODY = YES;
				CLANG_WARN_ENUM_CONVERSION = YES;
				CLANG_WARN_INT_CONVERSION = YES;
				CLANG_WARN_OBJC_ROOT_CLASS = YES_ERROR;
				CLANG_WARN_UNREACHABLE_CODE = YES;
				CLANG_WARN__DUPLICATE_METHOD_MATCH = YES;
				"CODE_SIGN_IDENTITY[sdk=iphoneos*]" = "iPhone Developer";
				COPY_PHASE_STRIP = YES;
				ENABLE_NS_ASSERTIONS = NO;
				ENABLE_STRICT_OBJC_MSGSEND = YES;
				GCC_C_LANGUAGE_STANDARD = gnu99;
				GCC_WARN_64_TO_32_BIT_CONVERSION = YES;
				GCC_WARN_ABOUT_RETURN_TYPE = YES_ERROR;
				GCC_WARN_UNDECLARED_SELECTOR = YES;
				GCC_WARN_UNINITIALIZED_AUTOS = YES_AGGRESSIVE;
				GCC_WARN_UNUSED_FUNCTION = YES;
				GCC_WARN_UNUSED_VARIABLE = YES;
				IPHONEOS_DEPLOYMENT_TARGET = 8.1;
				MTL_ENABLE_DEBUG_INFO = NO;
				SDKROOT = iphoneos;
				VALIDATE_PRODUCT = YES;
			};
			name = Release;
		};
		08D139F61AC3A2520066AE23 /* Debug */ = {
			isa = XCBuildConfiguration;
			buildSettings = {
				ASSETCATALOG_COMPILER_APPICON_NAME = AppIcon;
				INFOPLIST_FILE = sankakkusikaku/Info.plist;
				LD_RUNPATH_SEARCH_PATHS = "$(inherited) @executable_path/Frameworks";
				PRODUCT_NAME = "$(TARGET_NAME)";
			};
			name = Debug;
		};
		08D139F71AC3A2520066AE23 /* Release */ = {
			isa = XCBuildConfiguration;
			buildSettings = {
				ASSETCATALOG_COMPILER_APPICON_NAME = AppIcon;
				INFOPLIST_FILE = sankakkusikaku/Info.plist;
				LD_RUNPATH_SEARCH_PATHS = "$(inherited) @executable_path/Frameworks";
				PRODUCT_NAME = "$(TARGET_NAME)";
			};
			name = Release;
		};
		08D139F91AC3A2520066AE23 /* Debug */ = {
			isa = XCBuildConfiguration;
			buildSettings = {
				BUNDLE_LOADER = "$(TEST_HOST)";
				FRAMEWORK_SEARCH_PATHS = (
					"$(SDKROOT)/Developer/Library/Frameworks",
					"$(inherited)",
				);
				GCC_PREPROCESSOR_DEFINITIONS = (
					"DEBUG=1",
					"$(inherited)",
				);
				INFOPLIST_FILE = sankakkusikakuTests/Info.plist;
				LD_RUNPATH_SEARCH_PATHS = "$(inherited) @executable_path/Frameworks @loader_path/Frameworks";
				PRODUCT_NAME = "$(TARGET_NAME)";
				TEST_HOST = "$(BUILT_PRODUCTS_DIR)/sankakkusikaku.app/sankakkusikaku";
			};
			name = Debug;
		};
		08D139FA1AC3A2520066AE23 /* Release */ = {
			isa = XCBuildConfiguration;
			buildSettings = {
				BUNDLE_LOADER = "$(TEST_HOST)";
				FRAMEWORK_SEARCH_PATHS = (
					"$(SDKROOT)/Developer/Library/Frameworks",
					"$(inherited)",
				);
				INFOPLIST_FILE = sankakkusikakuTests/Info.plist;
				LD_RUNPATH_SEARCH_PATHS = "$(inherited) @executable_path/Frameworks @loader_path/Frameworks";
				PRODUCT_NAME = "$(TARGET_NAME)";
				TEST_HOST = "$(BUILT_PRODUCTS_DIR)/sankakkusikaku.app/sankakkusikaku";
			};
			name = Release;
		};
/* End XCBuildConfiguration section */

/* Begin XCConfigurationList section */
		08D139CD1AC3A2520066AE23 /* Build configuration list for PBXProject "sankakkusikaku" */ = {
			isa = XCConfigurationList;
			buildConfigurations = (
				08D139F31AC3A2520066AE23 /* Debug */,
				08D139F41AC3A2520066AE23 /* Release */,
			);
			defaultConfigurationIsVisible = 0;
			defaultConfigurationName = Release;
		};
		08D139F51AC3A2520066AE23 /* Build configuration list for PBXNativeTarget "sankakkusikaku" */ = {
			isa = XCConfigurationList;
			buildConfigurations = (
				08D139F61AC3A2520066AE23 /* Debug */,
				08D139F71AC3A2520066AE23 /* Release */,
			);
			defaultConfigurationIsVisible = 0;
			defaultConfigurationName = Release;
		};
		08D139F81AC3A2520066AE23 /* Build configuration list for PBXNativeTarget "sankakkusikakuTests" */ = {
			isa = XCConfigurationList;
			buildConfigurations = (
				08D139F91AC3A2520066AE23 /* Debug */,
				08D139FA1AC3A2520066AE23 /* Release */,
			);
			defaultConfigurationIsVisible = 0;
			defaultConfigurationName = Release;
		};
/* End XCConfigurationList section */
	};
	rootObject = 08D139CA1AC3A2520066AE23 /* Project object */;
}
